// !$*UTF8*$!
{
	archiveVersion = 1;
	classes = {
	};
	objectVersion = 56;
	objects = {

/* Begin PBXBuildFile section */
		83CB186A2C5C829400944EB3 /* ChatViewWithSwiftUIApp.swift in Sources */ = {isa = PBXBuildFile; fileRef = 83CB18692C5C829400944EB3 /* ChatViewWithSwiftUIApp.swift */; };
		83CB186E2C5C829800944EB3 /* Assets.xcassets in Resources */ = {isa = PBXBuildFile; fileRef = 83CB186D2C5C829800944EB3 /* Assets.xcassets */; };
		83CB18712C5C829800944EB3 /* Preview Assets.xcassets in Resources */ = {isa = PBXBuildFile; fileRef = 83CB18702C5C829800944EB3 /* Preview Assets.xcassets */; };
		83CB18782C5C845B00944EB3 /* ChatView.swift in Sources */ = {isa = PBXBuildFile; fileRef = 83CB18772C5C845B00944EB3 /* ChatView.swift */; };
		83CB187A2C5C8E3200944EB3 /* MessageRow.swift in Sources */ = {isa = PBXBuildFile; fileRef = 83CB18792C5C8E3200944EB3 /* MessageRow.swift */; };
		83CB187F2C5C9C4B00944EB3 /* User.swift in Sources */ = {isa = PBXBuildFile; fileRef = 83CB187E2C5C9C4B00944EB3 /* User.swift */; };
		83CB18812C5C9CD600944EB3 /* DataModelTest.swift in Sources */ = {isa = PBXBuildFile; fileRef = 83CB18802C5C9CD600944EB3 /* DataModelTest.swift */; };
		83CB18832C5C9DE000944EB3 /* Message.swift in Sources */ = {isa = PBXBuildFile; fileRef = 83CB18822C5C9DE000944EB3 /* Message.swift */; };
		83CB18852C5C9F9B00944EB3 /* Chat.swift in Sources */ = {isa = PBXBuildFile; fileRef = 83CB18842C5C9F9B00944EB3 /* Chat.swift */; };
		83CB18882C5CA0CA00944EB3 /* chatData.json in Resources */ = {isa = PBXBuildFile; fileRef = 83CB18872C5CA0C900944EB3 /* chatData.json */; };
/* End PBXBuildFile section */

/* Begin PBXFileReference section */
		83CB18662C5C829400944EB3 /* ChatViewWithSwiftUI.app */ = {isa = PBXFileReference; explicitFileType = wrapper.application; includeInIndex = 0; path = ChatViewWithSwiftUI.app; sourceTree = BUILT_PRODUCTS_DIR; };
		83CB18692C5C829400944EB3 /* ChatViewWithSwiftUIApp.swift */ = {isa = PBXFileReference; lastKnownFileType = sourcecode.swift; path = ChatViewWithSwiftUIApp.swift; sourceTree = "<group>"; };
		83CB186D2C5C829800944EB3 /* Assets.xcassets */ = {isa = PBXFileReference; lastKnownFileType = folder.assetcatalog; path = Assets.xcassets; sourceTree = "<group>"; };
		83CB18702C5C829800944EB3 /* Preview Assets.xcassets */ = {isa = PBXFileReference; lastKnownFileType = folder.assetcatalog; path = "Preview Assets.xcassets"; sourceTree = "<group>"; };
		83CB18772C5C845B00944EB3 /* ChatView.swift */ = {isa = PBXFileReference; lastKnownFileType = sourcecode.swift; path = ChatView.swift; sourceTree = "<group>"; };
		83CB18792C5C8E3200944EB3 /* MessageRow.swift */ = {isa = PBXFileReference; lastKnownFileType = sourcecode.swift; path = MessageRow.swift; sourceTree = "<group>"; };
		83CB187E2C5C9C4B00944EB3 /* User.swift */ = {isa = PBXFileReference; lastKnownFileType = sourcecode.swift; path = User.swift; sourceTree = "<group>"; };
		83CB18802C5C9CD600944EB3 /* DataModelTest.swift */ = {isa = PBXFileReference; lastKnownFileType = sourcecode.swift; path = DataModelTest.swift; sourceTree = "<group>"; };
		83CB18822C5C9DE000944EB3 /* Message.swift */ = {isa = PBXFileReference; lastKnownFileType = sourcecode.swift; path = Message.swift; sourceTree = "<group>"; };
		83CB18842C5C9F9B00944EB3 /* Chat.swift */ = {isa = PBXFileReference; lastKnownFileType = sourcecode.swift; path = Chat.swift; sourceTree = "<group>"; };
		83CB18872C5CA0C900944EB3 /* chatData.json */ = {isa = PBXFileReference; fileEncoding = 4; lastKnownFileType = text.json; path = chatData.json; sourceTree = "<group>"; };
/* End PBXFileReference section */

/* Begin PBXFrameworksBuildPhase section */
		83CB18632C5C829400944EB3 /* Frameworks */ = {
			isa = PBXFrameworksBuildPhase;
			buildActionMask = 2147483647;
			files = (
			);
			runOnlyForDeploymentPostprocessing = 0;
		};
/* End PBXFrameworksBuildPhase section */

/* Begin PBXGroup section */
		83CB185D2C5C829400944EB3 = {
			isa = PBXGroup;
			children = (
				83CB18682C5C829400944EB3 /* ChatViewWithSwiftUI */,
				83CB18672C5C829400944EB3 /* Products */,
			);
			sourceTree = "<group>";
		};
		83CB18672C5C829400944EB3 /* Products */ = {
			isa = PBXGroup;
			children = (
				83CB18662C5C829400944EB3 /* ChatViewWithSwiftUI.app */,
			);
			name = Products;
			sourceTree = "<group>";
		};
		83CB18682C5C829400944EB3 /* ChatViewWithSwiftUI */ = {
			isa = PBXGroup;
			children = (
				83CB18692C5C829400944EB3 /* ChatViewWithSwiftUIApp.swift */,
				83CB187D2C5C9C0900944EB3 /* Models */,
				83CB187B2C5C8E5D00944EB3 /* Views */,
				83CB18862C5CA05D00944EB3 /* DataServices */,
				83CB186D2C5C829800944EB3 /* Assets.xcassets */,
				83CB186F2C5C829800944EB3 /* Preview Content */,
			);
			path = ChatViewWithSwiftUI;
			sourceTree = "<group>";
		};
		83CB186F2C5C829800944EB3 /* Preview Content */ = {
			isa = PBXGroup;
			children = (
				83CB18702C5C829800944EB3 /* Preview Assets.xcassets */,
			);
			path = "Preview Content";
			sourceTree = "<group>";
		};
		83CB187B2C5C8E5D00944EB3 /* Views */ = {
			isa = PBXGroup;
			children = (
				83CB18792C5C8E3200944EB3 /* MessageRow.swift */,
				83CB18772C5C845B00944EB3 /* ChatView.swift */,
				83CB18802C5C9CD600944EB3 /* DataModelTest.swift */,
			);
			path = Views;
			sourceTree = "<group>";
		};
		83CB187D2C5C9C0900944EB3 /* Models */ = {
			isa = PBXGroup;
			children = (
				83CB18822C5C9DE000944EB3 /* Message.swift */,
				83CB187E2C5C9C4B00944EB3 /* User.swift */,
				83CB18842C5C9F9B00944EB3 /* Chat.swift */,
			);
			path = Models;
			sourceTree = "<group>";
		};
		83CB18862C5CA05D00944EB3 /* DataServices */ = {
			isa = PBXGroup;
			children = (
				83CB18872C5CA0C900944EB3 /* chatData.json */,
			);
			path = DataServices;
			sourceTree = "<group>";
		};
/* End PBXGroup section */

/* Begin PBXNativeTarget section */
		83CB18652C5C829400944EB3 /* ChatViewWithSwiftUI */ = {
			isa = PBXNativeTarget;
			buildConfigurationList = 83CB18742C5C829800944EB3 /* Build configuration list for PBXNativeTarget "ChatViewWithSwiftUI" */;
			buildPhases = (
				83CB18622C5C829400944EB3 /* Sources */,
				83CB18632C5C829400944EB3 /* Frameworks */,
				83CB18642C5C829400944EB3 /* Resources */,
			);
			buildRules = (
			);
			dependencies = (
			);
			name = ChatViewWithSwiftUI;
			productName = ChatViewWithSwiftUI;
			productReference = 83CB18662C5C829400944EB3 /* ChatViewWithSwiftUI.app */;
			productType = "com.apple.product-type.application";
		};
/* End PBXNativeTarget section */

/* Begin PBXProject section */
		83CB185E2C5C829400944EB3 /* Project object */ = {
			isa = PBXProject;
			attributes = {
				BuildIndependentTargetsInParallel = 1;
				LastSwiftUpdateCheck = 1540;
				LastUpgradeCheck = 1540;
				TargetAttributes = {
					83CB18652C5C829400944EB3 = {
						CreatedOnToolsVersion = 15.4;
					};
				};
			};
			buildConfigurationList = 83CB18612C5C829400944EB3 /* Build configuration list for PBXProject "ChatViewWithSwiftUI" */;
			compatibilityVersion = "Xcode 14.0";
			developmentRegion = en;
			hasScannedForEncodings = 0;
			knownRegions = (
				en,
				Base,
			);
			mainGroup = 83CB185D2C5C829400944EB3;
			productRefGroup = 83CB18672C5C829400944EB3 /* Products */;
			projectDirPath = "";
			projectRoot = "";
			targets = (
				83CB18652C5C829400944EB3 /* ChatViewWithSwiftUI */,
			);
		};
/* End PBXProject section */

/* Begin PBXResourcesBuildPhase section */
		83CB18642C5C829400944EB3 /* Resources */ = {
			isa = PBXResourcesBuildPhase;
			buildActionMask = 2147483647;
			files = (
				83CB18712C5C829800944EB3 /* Preview Assets.xcassets in Resources */,
				83CB18882C5CA0CA00944EB3 /* chatData.json in Resources */,
				83CB186E2C5C829800944EB3 /* Assets.xcassets in Resources */,
			);
			runOnlyForDeploymentPostprocessing = 0;
		};
/* End PBXResourcesBuildPhase section */

/* Begin PBXSourcesBuildPhase section */
		83CB18622C5C829400944EB3 /* Sources */ = {
			isa = PBXSourcesBuildPhase;
			buildActionMask = 2147483647;
			files = (
				83CB18812C5C9CD600944EB3 /* DataModelTest.swift in Sources */,
				83CB187F2C5C9C4B00944EB3 /* User.swift in Sources */,
				83CB18852C5C9F9B00944EB3 /* Chat.swift in Sources */,
				83CB18782C5C845B00944EB3 /* ChatView.swift in Sources */,
				83CB18832C5C9DE000944EB3 /* Message.swift in Sources */,
				83CB186A2C5C829400944EB3 /* ChatViewWithSwiftUIApp.swift in Sources */,
				83CB187A2C5C8E3200944EB3 /* MessageRow.swift in Sources */,
			);
			runOnlyForDeploymentPostprocessing = 0;
		};
/* End PBXSourcesBuildPhase section */

/* Begin XCBuildConfiguration section */
		83CB18722C5C829800944EB3 /* Debug */ = {
			isa = XCBuildConfiguration;
			buildSettings = {
				ALWAYS_SEARCH_USER_PATHS = NO;
				ASSETCATALOG_COMPILER_GENERATE_SWIFT_ASSET_SYMBOL_EXTENSIONS = YES;
				CLANG_ANALYZER_NONNULL = YES;
				CLANG_ANALYZER_NUMBER_OBJECT_CONVERSION = YES_AGGRESSIVE;
				CLANG_CXX_LANGUAGE_STANDARD = "gnu++20";
				CLANG_ENABLE_MODULES = YES;
				CLANG_ENABLE_OBJC_ARC = YES;
				CLANG_ENABLE_OBJC_WEAK = YES;
				CLANG_WARN_BLOCK_CAPTURE_AUTORELEASING = YES;
				CLANG_WARN_BOOL_CONVERSION = YES;
				CLANG_WARN_COMMA = YES;
				CLANG_WARN_CONSTANT_CONVERSION = YES;
				CLANG_WARN_DEPRECATED_OBJC_IMPLEMENTATIONS = YES;
				CLANG_WARN_DIRECT_OBJC_ISA_USAGE = YES_ERROR;
				CLANG_WARN_DOCUMENTATION_COMMENTS = YES;
				CLANG_WARN_EMPTY_BODY = YES;
				CLANG_WARN_ENUM_CONVERSION = YES;
				CLANG_WARN_INFINITE_RECURSION = YES;
				CLANG_WARN_INT_CONVERSION = YES;
				CLANG_WARN_NON_LITERAL_NULL_CONVERSION = YES;
				CLANG_WARN_OBJC_IMPLICIT_RETAIN_SELF = YES;
				CLANG_WARN_OBJC_LITERAL_CONVERSION = YES;
				CLANG_WARN_OBJC_ROOT_CLASS = YES_ERROR;
				CLANG_WARN_QUOTED_INCLUDE_IN_FRAMEWORK_HEADER = YES;
				CLANG_WARN_RANGE_LOOP_ANALYSIS = YES;
				CLANG_WARN_STRICT_PROTOTYPES = YES;
				CLANG_WARN_SUSPICIOUS_MOVE = YES;
				CLANG_WARN_UNGUARDED_AVAILABILITY = YES_AGGRESSIVE;
				CLANG_WARN_UNREACHABLE_CODE = YES;
				CLANG_WARN__DUPLICATE_METHOD_MATCH = YES;
				COPY_PHASE_STRIP = NO;
				DEBUG_INFORMATION_FORMAT = dwarf;
				ENABLE_STRICT_OBJC_MSGSEND = YES;
				ENABLE_TESTABILITY = YES;
				ENABLE_USER_SCRIPT_SANDBOXING = YES;
				GCC_C_LANGUAGE_STANDARD = gnu17;
				GCC_DYNAMIC_NO_PIC = NO;
				GCC_NO_COMMON_BLOCKS = YES;
				GCC_OPTIMIZATION_LEVEL = 0;
				GCC_PREPROCESSOR_DEFINITIONS = (
					"DEBUG=1",
					"$(inherited)",
				);
				GCC_WARN_64_TO_32_BIT_CONVERSION = YES;
				GCC_WARN_ABOUT_RETURN_TYPE = YES_ERROR;
				GCC_WARN_UNDECLARED_SELECTOR = YES;
				GCC_WARN_UNINITIALIZED_AUTOS = YES_AGGRESSIVE;
				GCC_WARN_UNUSED_FUNCTION = YES;
				GCC_WARN_UNUSED_VARIABLE = YES;
				IPHONEOS_DEPLOYMENT_TARGET = 17.5;
				LOCALIZATION_PREFERS_STRING_CATALOGS = YES;
				MTL_ENABLE_DEBUG_INFO = INCLUDE_SOURCE;
				MTL_FAST_MATH = YES;
				ONLY_ACTIVE_ARCH = YES;
				SDKROOT = iphoneos;
				SWIFT_ACTIVE_COMPILATION_CONDITIONS = "DEBUG $(inherited)";
				SWIFT_OPTIMIZATION_LEVEL = "-Onone";
			};
			name = Debug;
		};
		83CB18732C5C829800944EB3 /* Release */ = {
			isa = XCBuildConfiguration;
			buildSettings = {
				ALWAYS_SEARCH_USER_PATHS = NO;
				ASSETCATALOG_COMPILER_GENERATE_SWIFT_ASSET_SYMBOL_EXTENSIONS = YES;
				CLANG_ANALYZER_NONNULL = YES;
				CLANG_ANALYZER_NUMBER_OBJECT_CONVERSION = YES_AGGRESSIVE;
				CLANG_CXX_LANGUAGE_STANDARD = "gnu++20";
				CLANG_ENABLE_MODULES = YES;
				CLANG_ENABLE_OBJC_ARC = YES;
				CLANG_ENABLE_OBJC_WEAK = YES;
				CLANG_WARN_BLOCK_CAPTURE_AUTORELEASING = YES;
				CLANG_WARN_BOOL_CONVERSION = YES;
				CLANG_WARN_COMMA = YES;
				CLANG_WARN_CONSTANT_CONVERSION = YES;
				CLANG_WARN_DEPRECATED_OBJC_IMPLEMENTATIONS = YES;
				CLANG_WARN_DIRECT_OBJC_ISA_USAGE = YES_ERROR;
				CLANG_WARN_DOCUMENTATION_COMMENTS = YES;
				CLANG_WARN_EMPTY_BODY = YES;
				CLANG_WARN_ENUM_CONVERSION = YES;
				CLANG_WARN_INFINITE_RECURSION = YES;
				CLANG_WARN_INT_CONVERSION = YES;
				CLANG_WARN_NON_LITERAL_NULL_CONVERSION = YES;
				CLANG_WARN_OBJC_IMPLICIT_RETAIN_SELF = YES;
				CLANG_WARN_OBJC_LITERAL_CONVERSION = YES;
				CLANG_WARN_OBJC_ROOT_CLASS = YES_ERROR;
				CLANG_WARN_QUOTED_INCLUDE_IN_FRAMEWORK_HEADER = YES;
				CLANG_WARN_RANGE_LOOP_ANALYSIS = YES;
				CLANG_WARN_STRICT_PROTOTYPES = YES;
				CLANG_WARN_SUSPICIOUS_MOVE = YES;
				CLANG_WARN_UNGUARDED_AVAILABILITY = YES_AGGRESSIVE;
				CLANG_WARN_UNREACHABLE_CODE = YES;
				CLANG_WARN__DUPLICATE_METHOD_MATCH = YES;
				COPY_PHASE_STRIP = NO;
				DEBUG_INFORMATION_FORMAT = "dwarf-with-dsym";
				ENABLE_NS_ASSERTIONS = NO;
				ENABLE_STRICT_OBJC_MSGSEND = YES;
				ENABLE_USER_SCRIPT_SANDBOXING = YES;
				GCC_C_LANGUAGE_STANDARD = gnu17;
				GCC_NO_COMMON_BLOCKS = YES;
				GCC_WARN_64_TO_32_BIT_CONVERSION = YES;
				GCC_WARN_ABOUT_RETURN_TYPE = YES_ERROR;
				GCC_WARN_UNDECLARED_SELECTOR = YES;
				GCC_WARN_UNINITIALIZED_AUTOS = YES_AGGRESSIVE;
				GCC_WARN_UNUSED_FUNCTION = YES;
				GCC_WARN_UNUSED_VARIABLE = YES;
				IPHONEOS_DEPLOYMENT_TARGET = 17.5;
				LOCALIZATION_PREFERS_STRING_CATALOGS = YES;
				MTL_ENABLE_DEBUG_INFO = NO;
				MTL_FAST_MATH = YES;
				SDKROOT = iphoneos;
				SWIFT_COMPILATION_MODE = wholemodule;
				VALIDATE_PRODUCT = YES;
			};
			name = Release;
		};
		83CB18752C5C829800944EB3 /* Debug */ = {
			isa = XCBuildConfiguration;
			buildSettings = {
				ASSETCATALOG_COMPILER_APPICON_NAME = AppIcon;
				ASSETCATALOG_COMPILER_GLOBAL_ACCENT_COLOR_NAME = AccentColor;
				CODE_SIGN_STYLE = Automatic;
				CURRENT_PROJECT_VERSION = 1;
				DEVELOPMENT_ASSET_PATHS = "\"ChatViewWithSwiftUI/Preview Content\"";
				DEVELOPMENT_TEAM = L35MVZ453P;
				ENABLE_PREVIEWS = YES;
				GENERATE_INFOPLIST_FILE = YES;
				INFOPLIST_KEY_UIApplicationSceneManifest_Generation = YES;
				INFOPLIST_KEY_UIApplicationSupportsIndirectInputEvents = YES;
				INFOPLIST_KEY_UILaunchScreen_Generation = YES;
				INFOPLIST_KEY_UISupportedInterfaceOrientations_iPad = "UIInterfaceOrientationPortrait UIInterfaceOrientationPortraitUpsideDown UIInterfaceOrientationLandscapeLeft UIInterfaceOrientationLandscapeRight";
				INFOPLIST_KEY_UISupportedInterfaceOrientations_iPhone = "UIInterfaceOrientationPortrait UIInterfaceOrientationLandscapeLeft UIInterfaceOrientationLandscapeRight";
				LD_RUNPATH_SEARCH_PATHS = (
					"$(inherited)",
					"@executable_path/Frameworks",
				);
				MARKETING_VERSION = 1.0;
				PRODUCT_BUNDLE_IDENTIFIER = "com.kenta-suzuki.ChatViewWithSwiftUI";
				PRODUCT_NAME = "$(TARGET_NAME)";
				SWIFT_EMIT_LOC_STRINGS = YES;
				SWIFT_VERSION = 5.0;
				TARGETED_DEVICE_FAMILY = "1,2";
			};
			name = Debug;
		};
		83CB18762C5C829800944EB3 /* Release */ = {
			isa = XCBuildConfiguration;
			buildSettings = {
				ASSETCATALOG_COMPILER_APPICON_NAME = AppIcon;
				ASSETCATALOG_COMPILER_GLOBAL_ACCENT_COLOR_NAME = AccentColor;
				CODE_SIGN_STYLE = Automatic;
				CURRENT_PROJECT_VERSION = 1;
				DEVELOPMENT_ASSET_PATHS = "\"ChatViewWithSwiftUI/Preview Content\"";
				DEVELOPMENT_TEAM = L35MVZ453P;
				ENABLE_PREVIEWS = YES;
				GENERATE_INFOPLIST_FILE = YES;
				INFOPLIST_KEY_UIApplicationSceneManifest_Generation = YES;
				INFOPLIST_KEY_UIApplicationSupportsIndirectInputEvents = YES;
				INFOPLIST_KEY_UILaunchScreen_Generation = YES;
				INFOPLIST_KEY_UISupportedInterfaceOrientations_iPad = "UIInterfaceOrientationPortrait UIInterfaceOrientationPortraitUpsideDown UIInterfaceOrientationLandscapeLeft UIInterfaceOrientationLandscapeRight";
				INFOPLIST_KEY_UISupportedInterfaceOrientations_iPhone = "UIInterfaceOrientationPortrait UIInterfaceOrientationLandscapeLeft UIInterfaceOrientationLandscapeRight";
				LD_RUNPATH_SEARCH_PATHS = (
					"$(inherited)",
					"@executable_path/Frameworks",
				);
				MARKETING_VERSION = 1.0;
				PRODUCT_BUNDLE_IDENTIFIER = "com.kenta-suzuki.ChatViewWithSwiftUI";
				PRODUCT_NAME = "$(TARGET_NAME)";
				SWIFT_EMIT_LOC_STRINGS = YES;
				SWIFT_VERSION = 5.0;
				TARGETED_DEVICE_FAMILY = "1,2";
			};
			name = Release;
		};
/* End XCBuildConfiguration section */

/* Begin XCConfigurationList section */
		83CB18612C5C829400944EB3 /* Build configuration list for PBXProject "ChatViewWithSwiftUI" */ = {
			isa = XCConfigurationList;
			buildConfigurations = (
				83CB18722C5C829800944EB3 /* Debug */,
				83CB18732C5C829800944EB3 /* Release */,
			);
			defaultConfigurationIsVisible = 0;
			defaultConfigurationName = Release;
		};
		83CB18742C5C829800944EB3 /* Build configuration list for PBXNativeTarget "ChatViewWithSwiftUI" */ = {
			isa = XCConfigurationList;
			buildConfigurations = (
				83CB18752C5C829800944EB3 /* Debug */,
				83CB18762C5C829800944EB3 /* Release */,
			);
			defaultConfigurationIsVisible = 0;
			defaultConfigurationName = Release;
		};
/* End XCConfigurationList section */
	};
	rootObject = 83CB185E2C5C829400944EB3 /* Project object */;
}
